
Microsoft Visual Studio Solution File, Format Version 12.00
# Visual Studio Version 17
VisualStudioVersion = 17.5.002.0
MinimumVisualStudioVersion = 10.0.40219.1
Project("{2150E333-8FDC-42A3-9474-1A3956D46DE8}") = "csharp-prep", "csharp-prep", "{43D962B5-242A-4DFB-BBC3-7F13963E887C}"
EndProject
Project("{9A19103F-16F7-4668-BE54-9A1E7A4F7556}") = "Prep1", "csharp-prep\Prep1\Prep1.csproj", "{8F94FB1C-432B-45B3-831F-AA1A86E73336}"
EndProject
Project("{9A19103F-16F7-4668-BE54-9A1E7A4F7556}") = "Prep2", "csharp-prep\Prep2\Prep2.csproj", "{770E0F44-850D-46C1-8F62-248785E6CB95}"
EndProject
Project("{9A19103F-16F7-4668-BE54-9A1E7A4F7556}") = "Prep3", "csharp-prep\Prep3\Prep3.csproj", "{A94270EF-6667-4DF0-98CB-0E9E3A93E3D0}"
EndProject
Project("{9A19103F-16F7-4668-BE54-9A1E7A4F7556}") = "Prep4", "csharp-prep\Prep4\Prep4.csproj", "{BF225C4C-A7F8-459A-9852-3F7EF8338A6B}"
EndProject
Project("{9A19103F-16F7-4668-BE54-9A1E7A4F7556}") = "Prep5", "csharp-prep\Prep5\Prep5.csproj", "{87D1E83F-C49C-4492-8895-2677A899FD20}"
EndProject
Project("{2150E333-8FDC-42A3-9474-1A3956D46DE8}") = "final", "final", "{87803E17-FE55-4480-B997-BECB4EEEF425}"
EndProject
Project("{9A19103F-16F7-4668-BE54-9A1E7A4F7556}") = "FinalProject", "final\FinalProject\FinalProject.csproj", "{62386645-B702-40E0-93E6-BC289F68195B}"
EndProject
Project("{9A19103F-16F7-4668-BE54-9A1E7A4F7556}") = "Foundation1", "final\Foundation1\Foundation1.csproj", "{20398080-2FEF-46AA-B4EA-2815380012FD}"
EndProject
Project("{9A19103F-16F7-4668-BE54-9A1E7A4F7556}") = "Foundation2", "final\Foundation2\Foundation2.csproj", "{5240CBC7-2552-4557-B85B-8E9AF2F56CCD}"
EndProject
Project("{9A19103F-16F7-4668-BE54-9A1E7A4F7556}") = "Foundation3", "final\Foundation3\Foundation3.csproj", "{03D3D728-AAA4-48DE-A5A0-77E373A4964D}"
EndProject
Project("{9A19103F-16F7-4668-BE54-9A1E7A4F7556}") = "Foundation4", "final\Foundation4\Foundation4.csproj", "{B6446937-45CD-4112-BA29-9192A8FC2CB6}"
EndProject
Project("{2150E333-8FDC-42A3-9474-1A3956D46DE8}") = "prepare", "prepare", "{BE928BED-223A-41C9-8B8B-0CE6D15F74C2}"
EndProject
Project("{9A19103F-16F7-4668-BE54-9A1E7A4F7556}") = "Learning02", "prepare\Learning02\Learning02.csproj", "{B3BC47EC-B2FE-44AD-9753-569C755558F9}"
EndProject
Project("{9A19103F-16F7-4668-BE54-9A1E7A4F7556}") = "Learning03", "prepare\Learning03\Learning03.csproj", "{D94CDE9A-3453-4C92-AF72-F69E3D00F19C}"
EndProject
Project("{9A19103F-16F7-4668-BE54-9A1E7A4F7556}") = "Learning04", "prepare\Learning04\Learning04.csproj", "{A9CEB0BC-8AFE-40DB-960D-873D3397F591}"
EndProject
Project("{9A19103F-16F7-4668-BE54-9A1E7A4F7556}") = "Learning05", "prepare\Learning05\Learning05.csproj", "{05B8E867-8BB3-4A36-8471-359DDDC007DF}"
EndProject
Project("{2150E333-8FDC-42A3-9474-1A3956D46DE8}") = "prove", "prove", "{41A47D4A-5883-4DE2-BFE8-D025A69851C9}"
EndProject
Project("{9A19103F-16F7-4668-BE54-9A1E7A4F7556}") = "Develop02", "prove\Develop02\Develop02.csproj", "{24E708A6-9D19-479F-8966-D3D6E1532BE2}"
EndProject
Project("{9A19103F-16F7-4668-BE54-9A1E7A4F7556}") = "Develop03", "prove\Develop03\Develop03.csproj", "{699B46BC-EDCF-41BE-BBD6-B1C9D8170284}"
EndProject
Project("{9A19103F-16F7-4668-BE54-9A1E7A4F7556}") = "Develop04", "prove\Develop04\Develop04.csproj", "{C5318DFB-B233-4CB2-823D-A5706C93B046}"
EndProject
Project("{9A19103F-16F7-4668-BE54-9A1E7A4F7556}") = "Develop05", "prove\Develop05\Develop05.csproj", "{F854695E-7C89-46BD-B558-9D87514562ED}"
EndProject
Project("{2150E333-8FDC-42A3-9474-1A3956D46DE8}") = "sandbox", "sandbox", "{8A935EF5-85CF-4F6C-AD48-9C1B3F6F7D1B}"
EndProject
Project("{9A19103F-16F7-4668-BE54-9A1E7A4F7556}") = "Sandbox", "sandbox\Sandbox\Sandbox.csproj", "{EFE40350-D58C-4720-A0C7-54C8C1DD32F5}"
EndProject
Global
	GlobalSection(SolutionConfigurationPlatforms) = preSolution
		Debug|Any CPU = Debug|Any CPU
		Release|Any CPU = Release|Any CPU
	EndGlobalSection
	GlobalSection(ProjectConfigurationPlatforms) = postSolution
		{8F94FB1C-432B-45B3-831F-AA1A86E73336}.Debug|Any CPU.ActiveCfg = Debug|Any CPU
		{8F94FB1C-432B-45B3-831F-AA1A86E73336}.Debug|Any CPU.Build.0 = Debug|Any CPU
		{8F94FB1C-432B-45B3-831F-AA1A86E73336}.Release|Any CPU.ActiveCfg = Release|Any CPU
		{8F94FB1C-432B-45B3-831F-AA1A86E73336}.Release|Any CPU.Build.0 = Release|Any CPU
		{770E0F44-850D-46C1-8F62-248785E6CB95}.Debug|Any CPU.ActiveCfg = Debug|Any CPU
		{770E0F44-850D-46C1-8F62-248785E6CB95}.Debug|Any CPU.Build.0 = Debug|Any CPU
		{770E0F44-850D-46C1-8F62-248785E6CB95}.Release|Any CPU.ActiveCfg = Release|Any CPU
		{770E0F44-850D-46C1-8F62-248785E6CB95}.Release|Any CPU.Build.0 = Release|Any CPU
		{A94270EF-6667-4DF0-98CB-0E9E3A93E3D0}.Debug|Any CPU.ActiveCfg = Debug|Any CPU
		{A94270EF-6667-4DF0-98CB-0E9E3A93E3D0}.Debug|Any CPU.Build.0 = Debug|Any CPU
		{A94270EF-6667-4DF0-98CB-0E9E3A93E3D0}.Release|Any CPU.ActiveCfg = Release|Any CPU
		{A94270EF-6667-4DF0-98CB-0E9E3A93E3D0}.Release|Any CPU.Build.0 = Release|Any CPU
		{BF225C4C-A7F8-459A-9852-3F7EF8338A6B}.Debug|Any CPU.ActiveCfg = Debug|Any CPU
		{BF225C4C-A7F8-459A-9852-3F7EF8338A6B}.Debug|Any CPU.Build.0 = Debug|Any CPU
		{BF225C4C-A7F8-459A-9852-3F7EF8338A6B}.Release|Any CPU.ActiveCfg = Release|Any CPU
		{BF225C4C-A7F8-459A-9852-3F7EF8338A6B}.Release|Any CPU.Build.0 = Release|Any CPU
		{87D1E83F-C49C-4492-8895-2677A899FD20}.Debug|Any CPU.ActiveCfg = Debug|Any CPU
		{87D1E83F-C49C-4492-8895-2677A899FD20}.Debug|Any CPU.Build.0 = Debug|Any CPU
		{87D1E83F-C49C-4492-8895-2677A899FD20}.Release|Any CPU.ActiveCfg = Release|Any CPU
		{87D1E83F-C49C-4492-8895-2677A899FD20}.Release|Any CPU.Build.0 = Release|Any CPU
		{62386645-B702-40E0-93E6-BC289F68195B}.Debug|Any CPU.ActiveCfg = Debug|Any CPU
		{62386645-B702-40E0-93E6-BC289F68195B}.Debug|Any CPU.Build.0 = Debug|Any CPU
		{62386645-B702-40E0-93E6-BC289F68195B}.Release|Any CPU.ActiveCfg = Release|Any CPU
		{62386645-B702-40E0-93E6-BC289F68195B}.Release|Any CPU.Build.0 = Release|Any CPU
		{20398080-2FEF-46AA-B4EA-2815380012FD}.Debug|Any CPU.ActiveCfg = Debug|Any CPU
		{20398080-2FEF-46AA-B4EA-2815380012FD}.Debug|Any CPU.Build.0 = Debug|Any CPU
		{20398080-2FEF-46AA-B4EA-2815380012FD}.Release|Any CPU.ActiveCfg = Release|Any CPU
		{20398080-2FEF-46AA-B4EA-2815380012FD}.Release|Any CPU.Build.0 = Release|Any CPU
		{5240CBC7-2552-4557-B85B-8E9AF2F56CCD}.Debug|Any CPU.ActiveCfg = Debug|Any CPU
		{5240CBC7-2552-4557-B85B-8E9AF2F56CCD}.Debug|Any CPU.Build.0 = Debug|Any CPU
		{5240CBC7-2552-4557-B85B-8E9AF2F56CCD}.Release|Any CPU.ActiveCfg = Release|Any CPU
		{5240CBC7-2552-4557-B85B-8E9AF2F56CCD}.Release|Any CPU.Build.0 = Release|Any CPU
		{03D3D728-AAA4-48DE-A5A0-77E373A4964D}.Debug|Any CPU.ActiveCfg = Debug|Any CPU
		{03D3D728-AAA4-48DE-A5A0-77E373A4964D}.Debug|Any CPU.Build.0 = Debug|Any CPU
		{03D3D728-AAA4-48DE-A5A0-77E373A4964D}.Release|Any CPU.ActiveCfg = Release|Any CPU
		{03D3D728-AAA4-48DE-A5A0-77E373A4964D}.Release|Any CPU.Build.0 = Release|Any CPU
		{B6446937-45CD-4112-BA29-9192A8FC2CB6}.Debug|Any CPU.ActiveCfg = Debug|Any CPU
		{B6446937-45CD-4112-BA29-9192A8FC2CB6}.Debug|Any CPU.Build.0 = Debug|Any CPU
		{B6446937-45CD-4112-BA29-9192A8FC2CB6}.Release|Any CPU.ActiveCfg = Release|Any CPU
		{B6446937-45CD-4112-BA29-9192A8FC2CB6}.Release|Any CPU.Build.0 = Release|Any CPU
		{B3BC47EC-B2FE-44AD-9753-569C755558F9}.Debug|Any CPU.ActiveCfg = Debug|Any CPU
		{B3BC47EC-B2FE-44AD-9753-569C755558F9}.Debug|Any CPU.Build.0 = Debug|Any CPU
		{B3BC47EC-B2FE-44AD-9753-569C755558F9}.Release|Any CPU.ActiveCfg = Release|Any CPU
		{B3BC47EC-B2FE-44AD-9753-569C755558F9}.Release|Any CPU.Build.0 = Release|Any CPU
		{D94CDE9A-3453-4C92-AF72-F69E3D00F19C}.Debug|Any CPU.ActiveCfg = Debug|Any CPU
		{D94CDE9A-3453-4C92-AF72-F69E3D00F19C}.Debug|Any CPU.Build.0 = Debug|Any CPU
		{D94CDE9A-3453-4C92-AF72-F69E3D00F19C}.Release|Any CPU.ActiveCfg = Release|Any CPU
		{D94CDE9A-3453-4C92-AF72-F69E3D00F19C}.Release|Any CPU.Build.0 = Release|Any CPU
		{A9CEB0BC-8AFE-40DB-960D-873D3397F591}.Debug|Any CPU.ActiveCfg = Debug|Any CPU
		{A9CEB0BC-8AFE-40DB-960D-873D3397F591}.Debug|Any CPU.Build.0 = Debug|Any CPU
		{A9CEB0BC-8AFE-40DB-960D-873D3397F591}.Release|Any CPU.ActiveCfg = Release|Any CPU
		{A9CEB0BC-8AFE-40DB-960D-873D3397F591}.Release|Any CPU.Build.0 = Release|Any CPU
		{05B8E867-8BB3-4A36-8471-359DDDC007DF}.Debug|Any CPU.ActiveCfg = Debug|Any CPU
		{05B8E867-8BB3-4A36-8471-359DDDC007DF}.Debug|Any CPU.Build.0 = Debug|Any CPU
		{05B8E867-8BB3-4A36-8471-359DDDC007DF}.Release|Any CPU.ActiveCfg = Release|Any CPU
		{05B8E867-8BB3-4A36-8471-359DDDC007DF}.Release|Any CPU.Build.0 = Release|Any CPU
		{24E708A6-9D19-479F-8966-D3D6E1532BE2}.Debug|Any CPU.ActiveCfg = Debug|Any CPU
		{24E708A6-9D19-479F-8966-D3D6E1532BE2}.Debug|Any CPU.Build.0 = Debug|Any CPU
		{24E708A6-9D19-479F-8966-D3D6E1532BE2}.Release|Any CPU.ActiveCfg = Release|Any CPU
		{24E708A6-9D19-479F-8966-D3D6E1532BE2}.Release|Any CPU.Build.0 = Release|Any CPU
		{699B46BC-EDCF-41BE-BBD6-B1C9D8170284}.Debug|Any CPU.ActiveCfg = Debug|Any CPU
		{699B46BC-EDCF-41BE-BBD6-B1C9D8170284}.Debug|Any CPU.Build.0 = Debug|Any CPU
		{699B46BC-EDCF-41BE-BBD6-B1C9D8170284}.Release|Any CPU.ActiveCfg = Release|Any CPU
		{699B46BC-EDCF-41BE-BBD6-B1C9D8170284}.Release|Any CPU.Build.0 = Release|Any CPU
		{C5318DFB-B233-4CB2-823D-A5706C93B046}.Debug|Any CPU.ActiveCfg = Debug|Any CPU
		{C5318DFB-B233-4CB2-823D-A5706C93B046}.Debug|Any CPU.Build.0 = Debug|Any CPU
		{C5318DFB-B233-4CB2-823D-A5706C93B046}.Release|Any CPU.ActiveCfg = Release|Any CPU
		{C5318DFB-B233-4CB2-823D-A5706C93B046}.Release|Any CPU.Build.0 = Release|Any CPU
		{F854695E-7C89-46BD-B558-9D87514562ED}.Debug|Any CPU.ActiveCfg = Debug|Any CPU
		{F854695E-7C89-46BD-B558-9D87514562ED}.Debug|Any CPU.Build.0 = Debug|Any CPU
		{F854695E-7C89-46BD-B558-9D87514562ED}.Release|Any CPU.ActiveCfg = Release|Any CPU
		{F854695E-7C89-46BD-B558-9D87514562ED}.Release|Any CPU.Build.0 = Release|Any CPU
		{EFE40350-D58C-4720-A0C7-54C8C1DD32F5}.Debug|Any CPU.ActiveCfg = Debug|Any CPU
		{EFE40350-D58C-4720-A0C7-54C8C1DD32F5}.Debug|Any CPU.Build.0 = Debug|Any CPU
		{EFE40350-D58C-4720-A0C7-54C8C1DD32F5}.Release|Any CPU.ActiveCfg = Release|Any CPU
		{EFE40350-D58C-4720-A0C7-54C8C1DD32F5}.Release|Any CPU.Build.0 = Release|Any CPU
	EndGlobalSection
	GlobalSection(SolutionProperties) = preSolution
		HideSolutionNode = FALSE
	EndGlobalSection
	GlobalSection(NestedProjects) = preSolution
		{8F94FB1C-432B-45B3-831F-AA1A86E73336} = {43D962B5-242A-4DFB-BBC3-7F13963E887C}
		{770E0F44-850D-46C1-8F62-248785E6CB95} = {43D962B5-242A-4DFB-BBC3-7F13963E887C}
		{A94270EF-6667-4DF0-98CB-0E9E3A93E3D0} = {43D962B5-242A-4DFB-BBC3-7F13963E887C}
		{BF225C4C-A7F8-459A-9852-3F7EF8338A6B} = {43D962B5-242A-4DFB-BBC3-7F13963E887C}
		{87D1E83F-C49C-4492-8895-2677A899FD20} = {43D962B5-242A-4DFB-BBC3-7F13963E887C}
		{62386645-B702-40E0-93E6-BC289F68195B} = {87803E17-FE55-4480-B997-BECB4EEEF425}
		{20398080-2FEF-46AA-B4EA-2815380012FD} = {87803E17-FE55-4480-B997-BECB4EEEF425}
		{5240CBC7-2552-4557-B85B-8E9AF2F56CCD} = {87803E17-FE55-4480-B997-BECB4EEEF425}
		{03D3D728-AAA4-48DE-A5A0-77E373A4964D} = {87803E17-FE55-4480-B997-BECB4EEEF425}
		{B6446937-45CD-4112-BA29-9192A8FC2CB6} = {87803E17-FE55-4480-B997-BECB4EEEF425}
		{B3BC47EC-B2FE-44AD-9753-569C755558F9} = {BE928BED-223A-41C9-8B8B-0CE6D15F74C2}
		{D94CDE9A-3453-4C92-AF72-F69E3D00F19C} = {BE928BED-223A-41C9-8B8B-0CE6D15F74C2}
		{A9CEB0BC-8AFE-40DB-960D-873D3397F591} = {BE928BED-223A-41C9-8B8B-0CE6D15F74C2}
		{05B8E867-8BB3-4A36-8471-359DDDC007DF} = {BE928BED-223A-41C9-8B8B-0CE6D15F74C2}
		{24E708A6-9D19-479F-8966-D3D6E1532BE2} = {41A47D4A-5883-4DE2-BFE8-D025A69851C9}
		{699B46BC-EDCF-41BE-BBD6-B1C9D8170284} = {41A47D4A-5883-4DE2-BFE8-D025A69851C9}
		{C5318DFB-B233-4CB2-823D-A5706C93B046} = {41A47D4A-5883-4DE2-BFE8-D025A69851C9}
		{F854695E-7C89-46BD-B558-9D87514562ED} = {41A47D4A-5883-4DE2-BFE8-D025A69851C9}
		{EFE40350-D58C-4720-A0C7-54C8C1DD32F5} = {8A935EF5-85CF-4F6C-AD48-9C1B3F6F7D1B}
	EndGlobalSection
	GlobalSection(ExtensibilityGlobals) = postSolution
		SolutionGuid = {FD4F2AC7-6B29-419D-B8AC-36C03F33E606}
	EndGlobalSection
EndGlobal
